
Microsoft Visual Studio Solution File, Format Version 12.00
# Visual Studio 15
VisualStudioVersion = 15.0.28307.329
MinimumVisualStudioVersion = 10.0.40219.1
Project("{FAE04EC0-301F-11D3-BF4B-00C04F79EFBC}") = "VideoWebApp", "VideoWebApp\VideoWebApp.csproj", "{B0E76FCF-A63D-47C3-A734-7B8EF2FDED70}"
EndProject
Global
	GlobalSection(SolutionConfigurationPlatforms) = preSolution
		Debug|Any CPU = Debug|Any CPU
		Release|Any CPU = Release|Any CPU
	EndGlobalSection
	GlobalSection(ProjectConfigurationPlatforms) = postSolution
		{B0E76FCF-A63D-47C3-A734-7B8EF2FDED70}.Debug|Any CPU.ActiveCfg = Debug|Any CPU
		{B0E76FCF-A63D-47C3-A734-7B8EF2FDED70}.Debug|Any CPU.Build.0 = Debug|Any CPU
		{B0E76FCF-A63D-47C3-A734-7B8EF2FDED70}.Release|Any CPU.ActiveCfg = Release|Any CPU
		{B0E76FCF-A63D-47C3-A734-7B8EF2FDED70}.Release|Any CPU.Build.0 = Release|Any CPU
	EndGlobalSection
	GlobalSection(SolutionProperties) = preSolution
		HideSolutionNode = FALSE
	EndGlobalSection
	GlobalSection(ExtensibilityGlobals) = postSolution
		SolutionGuid = {87DD0344-6CDE-41DB-8670-DD1D709488DD}
	EndGlobalSection
EndGlobal
